// !$*UTF8*$!
{
	archiveVersion = 1;
	classes = {
	};
	objectVersion = 50;
	objects = {

/* Begin PBXBuildFile section */
		3208CF2022C12270003EAE6C /* AppDelegate.swift in Sources */ = {isa = PBXBuildFile; fileRef = 3208CF1F22C12270003EAE6C /* AppDelegate.swift */; };
		3208CF2222C12270003EAE6C /* ViewController.swift in Sources */ = {isa = PBXBuildFile; fileRef = 3208CF2122C12270003EAE6C /* ViewController.swift */; };
		3208CF2522C12270003EAE6C /* Main.storyboard in Resources */ = {isa = PBXBuildFile; fileRef = 3208CF2322C12270003EAE6C /* Main.storyboard */; };
		3208CF2722C12271003EAE6C /* Assets.xcassets in Resources */ = {isa = PBXBuildFile; fileRef = 3208CF2622C12271003EAE6C /* Assets.xcassets */; };
		3208CF2A22C12271003EAE6C /* LaunchScreen.storyboard in Resources */ = {isa = PBXBuildFile; fileRef = 3208CF2822C12271003EAE6C /* LaunchScreen.storyboard */; };
		3208CF3522C12271003EAE6C /* TreeSwiftTests.swift in Sources */ = {isa = PBXBuildFile; fileRef = 3208CF3422C12271003EAE6C /* TreeSwiftTests.swift */; };
		3208CF4022C12271003EAE6C /* TreeSwiftUITests.swift in Sources */ = {isa = PBXBuildFile; fileRef = 3208CF3F22C12271003EAE6C /* TreeSwiftUITests.swift */; };
/* End PBXBuildFile section */

/* Begin PBXContainerItemProxy section */
		3208CF3122C12271003EAE6C /* PBXContainerItemProxy */ = {
			isa = PBXContainerItemProxy;
			containerPortal = 3208CF1422C12270003EAE6C /* Project object */;
			proxyType = 1;
			remoteGlobalIDString = 3208CF1B22C12270003EAE6C;
			remoteInfo = TreeSwift;
		};
		3208CF3C22C12271003EAE6C /* PBXContainerItemProxy */ = {
			isa = PBXContainerItemProxy;
			containerPortal = 3208CF1422C12270003EAE6C /* Project object */;
			proxyType = 1;
			remoteGlobalIDString = 3208CF1B22C12270003EAE6C;
			remoteInfo = TreeSwift;
		};
/* End PBXContainerItemProxy section */

/* Begin PBXFileReference section */
		3208CF1C22C12270003EAE6C /* TreeSwift.app */ = {isa = PBXFileReference; explicitFileType = wrapper.application; includeInIndex = 0; path = TreeSwift.app; sourceTree = BUILT_PRODUCTS_DIR; };
		3208CF1F22C12270003EAE6C /* AppDelegate.swift */ = {isa = PBXFileReference; lastKnownFileType = sourcecode.swift; path = AppDelegate.swift; sourceTree = "<group>"; };
		3208CF2122C12270003EAE6C /* ViewController.swift */ = {isa = PBXFileReference; lastKnownFileType = sourcecode.swift; path = ViewController.swift; sourceTree = "<group>"; };
		3208CF2422C12270003EAE6C /* Base */ = {isa = PBXFileReference; lastKnownFileType = file.storyboard; name = Base; path = Base.lproj/Main.storyboard; sourceTree = "<group>"; };
		3208CF2622C12271003EAE6C /* Assets.xcassets */ = {isa = PBXFileReference; lastKnownFileType = folder.assetcatalog; path = Assets.xcassets; sourceTree = "<group>"; };
		3208CF2922C12271003EAE6C /* Base */ = {isa = PBXFileReference; lastKnownFileType = file.storyboard; name = Base; path = Base.lproj/LaunchScreen.storyboard; sourceTree = "<group>"; };
		3208CF2B22C12271003EAE6C /* Info.plist */ = {isa = PBXFileReference; lastKnownFileType = text.plist.xml; path = Info.plist; sourceTree = "<group>"; };
		3208CF3022C12271003EAE6C /* TreeSwiftTests.xctest */ = {isa = PBXFileReference; explicitFileType = wrapper.cfbundle; includeInIndex = 0; path = TreeSwiftTests.xctest; sourceTree = BUILT_PRODUCTS_DIR; };
		3208CF3422C12271003EAE6C /* TreeSwiftTests.swift */ = {isa = PBXFileReference; lastKnownFileType = sourcecode.swift; path = TreeSwiftTests.swift; sourceTree = "<group>"; };
		3208CF3622C12271003EAE6C /* Info.plist */ = {isa = PBXFileReference; lastKnownFileType = text.plist.xml; path = Info.plist; sourceTree = "<group>"; };
		3208CF3B22C12271003EAE6C /* TreeSwiftUITests.xctest */ = {isa = PBXFileReference; explicitFileType = wrapper.cfbundle; includeInIndex = 0; path = TreeSwiftUITests.xctest; sourceTree = BUILT_PRODUCTS_DIR; };
		3208CF3F22C12271003EAE6C /* TreeSwiftUITests.swift */ = {isa = PBXFileReference; lastKnownFileType = sourcecode.swift; path = TreeSwiftUITests.swift; sourceTree = "<group>"; };
		3208CF4122C12271003EAE6C /* Info.plist */ = {isa = PBXFileReference; lastKnownFileType = text.plist.xml; path = Info.plist; sourceTree = "<group>"; };
/* End PBXFileReference section */

/* Begin PBXFrameworksBuildPhase section */
		3208CF1922C12270003EAE6C /* Frameworks */ = {
			isa = PBXFrameworksBuildPhase;
			buildActionMask = 2147483647;
			files = (
			);
			runOnlyForDeploymentPostprocessing = 0;
		};
		3208CF2D22C12271003EAE6C /* Frameworks */ = {
			isa = PBXFrameworksBuildPhase;
			buildActionMask = 2147483647;
			files = (
			);
			runOnlyForDeploymentPostprocessing = 0;
		};
		3208CF3822C12271003EAE6C /* Frameworks */ = {
			isa = PBXFrameworksBuildPhase;
			buildActionMask = 2147483647;
			files = (
			);
			runOnlyForDeploymentPostprocessing = 0;
		};
/* End PBXFrameworksBuildPhase section */

/* Begin PBXGroup section */
		3208CF1322C12270003EAE6C = {
			isa = PBXGroup;
			children = (
				3208CF1E22C12270003EAE6C /* TreeSwift */,
				3208CF3322C12271003EAE6C /* TreeSwiftTests */,
				3208CF3E22C12271003EAE6C /* TreeSwiftUITests */,
				3208CF1D22C12270003EAE6C /* Products */,
			);
			sourceTree = "<group>";
		};
		3208CF1D22C12270003EAE6C /* Products */ = {
			isa = PBXGroup;
			children = (
				3208CF1C22C12270003EAE6C /* TreeSwift.app */,
				3208CF3022C12271003EAE6C /* TreeSwiftTests.xctest */,
				3208CF3B22C12271003EAE6C /* TreeSwiftUITests.xctest */,
			);
			name = Products;
			sourceTree = "<group>";
		};
		3208CF1E22C12270003EAE6C /* TreeSwift */ = {
			isa = PBXGroup;
			children = (
				3208CF1F22C12270003EAE6C /* AppDelegate.swift */,
				3208CF2122C12270003EAE6C /* ViewController.swift */,
				3208CF2322C12270003EAE6C /* Main.storyboard */,
				3208CF2622C12271003EAE6C /* Assets.xcassets */,
				3208CF2822C12271003EAE6C /* LaunchScreen.storyboard */,
				3208CF2B22C12271003EAE6C /* Info.plist */,
			);
			path = TreeSwift;
			sourceTree = "<group>";
		};
		3208CF3322C12271003EAE6C /* TreeSwiftTests */ = {
			isa = PBXGroup;
			children = (
				3208CF3422C12271003EAE6C /* TreeSwiftTests.swift */,
				3208CF3622C12271003EAE6C /* Info.plist */,
			);
			path = TreeSwiftTests;
			sourceTree = "<group>";
		};
		3208CF3E22C12271003EAE6C /* TreeSwiftUITests */ = {
			isa = PBXGroup;
			children = (
				3208CF3F22C12271003EAE6C /* TreeSwiftUITests.swift */,
				3208CF4122C12271003EAE6C /* Info.plist */,
			);
			path = TreeSwiftUITests;
			sourceTree = "<group>";
		};
/* End PBXGroup section */

/* Begin PBXNativeTarget section */
		3208CF1B22C12270003EAE6C /* TreeSwift */ = {
			isa = PBXNativeTarget;
			buildConfigurationList = 3208CF4422C12271003EAE6C /* Build configuration list for PBXNativeTarget "TreeSwift" */;
			buildPhases = (
				3208CF1822C12270003EAE6C /* Sources */,
				3208CF1922C12270003EAE6C /* Frameworks */,
				3208CF1A22C12270003EAE6C /* Resources */,
			);
			buildRules = (
			);
			dependencies = (
			);
			name = TreeSwift;
			productName = TreeSwift;
			productReference = 3208CF1C22C12270003EAE6C /* TreeSwift.app */;
			productType = "com.apple.product-type.application";
		};
		3208CF2F22C12271003EAE6C /* TreeSwiftTests */ = {
			isa = PBXNativeTarget;
			buildConfigurationList = 3208CF4722C12271003EAE6C /* Build configuration list for PBXNativeTarget "TreeSwiftTests" */;
			buildPhases = (
				3208CF2C22C12271003EAE6C /* Sources */,
				3208CF2D22C12271003EAE6C /* Frameworks */,
				3208CF2E22C12271003EAE6C /* Resources */,
			);
			buildRules = (
			);
			dependencies = (
				3208CF3222C12271003EAE6C /* PBXTargetDependency */,
			);
			name = TreeSwiftTests;
			productName = TreeSwiftTests;
			productReference = 3208CF3022C12271003EAE6C /* TreeSwiftTests.xctest */;
			productType = "com.apple.product-type.bundle.unit-test";
		};
		3208CF3A22C12271003EAE6C /* TreeSwiftUITests */ = {
			isa = PBXNativeTarget;
			buildConfigurationList = 3208CF4A22C12271003EAE6C /* Build configuration list for PBXNativeTarget "TreeSwiftUITests" */;
			buildPhases = (
				3208CF3722C12271003EAE6C /* Sources */,
				3208CF3822C12271003EAE6C /* Frameworks */,
				3208CF3922C12271003EAE6C /* Resources */,
			);
			buildRules = (
			);
			dependencies = (
				3208CF3D22C12271003EAE6C /* PBXTargetDependency */,
			);
			name = TreeSwiftUITests;
			productName = TreeSwiftUITests;
			productReference = 3208CF3B22C12271003EAE6C /* TreeSwiftUITests.xctest */;
			productType = "com.apple.product-type.bundle.ui-testing";
		};
/* End PBXNativeTarget section */

/* Begin PBXProject section */
		3208CF1422C12270003EAE6C /* Project object */ = {
			isa = PBXProject;
			attributes = {
				LastSwiftUpdateCheck = 1010;
				LastUpgradeCheck = 1010;
				ORGANIZATIONNAME = sunil.kumar1;
				TargetAttributes = {
					3208CF1B22C12270003EAE6C = {
						CreatedOnToolsVersion = 10.1;
					};
					3208CF2F22C12271003EAE6C = {
						CreatedOnToolsVersion = 10.1;
						TestTargetID = 3208CF1B22C12270003EAE6C;
					};
					3208CF3A22C12271003EAE6C = {
						CreatedOnToolsVersion = 10.1;
						TestTargetID = 3208CF1B22C12270003EAE6C;
					};
				};
			};
			buildConfigurationList = 3208CF1722C12270003EAE6C /* Build configuration list for PBXProject "TreeSwift" */;
			compatibilityVersion = "Xcode 9.3";
			developmentRegion = en;
			hasScannedForEncodings = 0;
			knownRegions = (
				en,
				Base,
			);
			mainGroup = 3208CF1322C12270003EAE6C;
			productRefGroup = 3208CF1D22C12270003EAE6C /* Products */;
			projectDirPath = "";
			projectRoot = "";
			targets = (
				3208CF1B22C12270003EAE6C /* TreeSwift */,
				3208CF2F22C12271003EAE6C /* TreeSwiftTests */,
				3208CF3A22C12271003EAE6C /* TreeSwiftUITests */,
			);
		};
/* End PBXProject section */

/* Begin PBXResourcesBuildPhase section */
		3208CF1A22C12270003EAE6C /* Resources */ = {
			isa = PBXResourcesBuildPhase;
			buildActionMask = 2147483647;
			files = (
				3208CF2A22C12271003EAE6C /* LaunchScreen.storyboard in Resources */,
				3208CF2722C12271003EAE6C /* Assets.xcassets in Resources */,
				3208CF2522C12270003EAE6C /* Main.storyboard in Resources */,
			);
			runOnlyForDeploymentPostprocessing = 0;
		};
		3208CF2E22C12271003EAE6C /* Resources */ = {
			isa = PBXResourcesBuildPhase;
			buildActionMask = 2147483647;
			files = (
			);
			runOnlyForDeploymentPostprocessing = 0;
		};
		3208CF3922C12271003EAE6C /* Resources */ = {
			isa = PBXResourcesBuildPhase;
			buildActionMask = 2147483647;
			files = (
			);
			runOnlyForDeploymentPostprocessing = 0;
		};
/* End PBXResourcesBuildPhase section */

/* Begin PBXSourcesBuildPhase section */
		3208CF1822C12270003EAE6C /* Sources */ = {
			isa = PBXSourcesBuildPhase;
			buildActionMask = 2147483647;
			files = (
				3208CF2222C12270003EAE6C /* ViewController.swift in Sources */,
				3208CF2022C12270003EAE6C /* AppDelegate.swift in Sources */,
			);
			runOnlyForDeploymentPostprocessing = 0;
		};
		3208CF2C22C12271003EAE6C /* Sources */ = {
			isa = PBXSourcesBuildPhase;
			buildActionMask = 2147483647;
			files = (
				3208CF3522C12271003EAE6C /* TreeSwiftTests.swift in Sources */,
			);
			runOnlyForDeploymentPostprocessing = 0;
		};
		3208CF3722C12271003EAE6C /* Sources */ = {
			isa = PBXSourcesBuildPhase;
			buildActionMask = 2147483647;
			files = (
				3208CF4022C12271003EAE6C /* TreeSwiftUITests.swift in Sources */,
			);
			runOnlyForDeploymentPostprocessing = 0;
		};
/* End PBXSourcesBuildPhase section */

/* Begin PBXTargetDependency section */
		3208CF3222C12271003EAE6C /* PBXTargetDependency */ = {
			isa = PBXTargetDependency;
			target = 3208CF1B22C12270003EAE6C /* TreeSwift */;
			targetProxy = 3208CF3122C12271003EAE6C /* PBXContainerItemProxy */;
		};
		3208CF3D22C12271003EAE6C /* PBXTargetDependency */ = {
			isa = PBXTargetDependency;
			target = 3208CF1B22C12270003EAE6C /* TreeSwift */;
			targetProxy = 3208CF3C22C12271003EAE6C /* PBXContainerItemProxy */;
		};
/* End PBXTargetDependency section */

/* Begin PBXVariantGroup section */
		3208CF2322C12270003EAE6C /* Main.storyboard */ = {
			isa = PBXVariantGroup;
			children = (
				3208CF2422C12270003EAE6C /* Base */,
			);
			name = Main.storyboard;
			sourceTree = "<group>";
		};
		3208CF2822C12271003EAE6C /* LaunchScreen.storyboard */ = {
			isa = PBXVariantGroup;
			children = (
				3208CF2922C12271003EAE6C /* Base */,
			);
			name = LaunchScreen.storyboard;
			sourceTree = "<group>";
		};
/* End PBXVariantGroup section */

/* Begin XCBuildConfiguration section */
		3208CF4222C12271003EAE6C /* Debug */ = {
			isa = XCBuildConfiguration;
			buildSettings = {
				ALWAYS_SEARCH_USER_PATHS = NO;
				CLANG_ANALYZER_NONNULL = YES;
				CLANG_ANALYZER_NUMBER_OBJECT_CONVERSION = YES_AGGRESSIVE;
				CLANG_CXX_LANGUAGE_STANDARD = "gnu++14";
				CLANG_CXX_LIBRARY = "libc++";
				CLANG_ENABLE_MODULES = YES;
				CLANG_ENABLE_OBJC_ARC = YES;
				CLANG_ENABLE_OBJC_WEAK = YES;
				CLANG_WARN_BLOCK_CAPTURE_AUTORELEASING = YES;
				CLANG_WARN_BOOL_CONVERSION = YES;
				CLANG_WARN_COMMA = YES;
				CLANG_WARN_CONSTANT_CONVERSION = YES;
				CLANG_WARN_DEPRECATED_OBJC_IMPLEMENTATIONS = YES;
				CLANG_WARN_DIRECT_OBJC_ISA_USAGE = YES_ERROR;
				CLANG_WARN_DOCUMENTATION_COMMENTS = YES;
				CLANG_WARN_EMPTY_BODY = YES;
				CLANG_WARN_ENUM_CONVERSION = YES;
				CLANG_WARN_INFINITE_RECURSION = YES;
				CLANG_WARN_INT_CONVERSION = YES;
				CLANG_WARN_NON_LITERAL_NULL_CONVERSION = YES;
				CLANG_WARN_OBJC_IMPLICIT_RETAIN_SELF = YES;
				CLANG_WARN_OBJC_LITERAL_CONVERSION = YES;
				CLANG_WARN_OBJC_ROOT_CLASS = YES_ERROR;
				CLANG_WARN_RANGE_LOOP_ANALYSIS = YES;
				CLANG_WARN_STRICT_PROTOTYPES = YES;
				CLANG_WARN_SUSPICIOUS_MOVE = YES;
				CLANG_WARN_UNGUARDED_AVAILABILITY = YES_AGGRESSIVE;
				CLANG_WARN_UNREACHABLE_CODE = YES;
				CLANG_WARN__DUPLICATE_METHOD_MATCH = YES;
				CODE_SIGN_IDENTITY = "iPhone Developer";
				COPY_PHASE_STRIP = NO;
				DEBUG_INFORMATION_FORMAT = dwarf;
				ENABLE_STRICT_OBJC_MSGSEND = YES;
				ENABLE_TESTABILITY = YES;
				GCC_C_LANGUAGE_STANDARD = gnu11;
				GCC_DYNAMIC_NO_PIC = NO;
				GCC_NO_COMMON_BLOCKS = YES;
				GCC_OPTIMIZATION_LEVEL = 0;
				GCC_PREPROCESSOR_DEFINITIONS = (
					"DEBUG=1",
					"$(inherited)",
				);
				GCC_WARN_64_TO_32_BIT_CONVERSION = YES;
				GCC_WARN_ABOUT_RETURN_TYPE = YES_ERROR;
				GCC_WARN_UNDECLARED_SELECTOR = YES;
				GCC_WARN_UNINITIALIZED_AUTOS = YES_AGGRESSIVE;
				GCC_WARN_UNUSED_FUNCTION = YES;
				GCC_WARN_UNUSED_VARIABLE = YES;
				IPHONEOS_DEPLOYMENT_TARGET = 12.1;
				MTL_ENABLE_DEBUG_INFO = INCLUDE_SOURCE;
				MTL_FAST_MATH = YES;
				ONLY_ACTIVE_ARCH = YES;
				SDKROOT = iphoneos;
				SWIFT_ACTIVE_COMPILATION_CONDITIONS = DEBUG;
				SWIFT_OPTIMIZATION_LEVEL = "-Onone";
			};
			name = Debug;
		};
		3208CF4322C12271003EAE6C /* Release */ = {
			isa = XCBuildConfiguration;
			buildSettings = {
				ALWAYS_SEARCH_USER_PATHS = NO;
				CLANG_ANALYZER_NONNULL = YES;
				CLANG_ANALYZER_NUMBER_OBJECT_CONVERSION = YES_AGGRESSIVE;
				CLANG_CXX_LANGUAGE_STANDARD = "gnu++14";
				CLANG_CXX_LIBRARY = "libc++";
				CLANG_ENABLE_MODULES = YES;
				CLANG_ENABLE_OBJC_ARC = YES;
				CLANG_ENABLE_OBJC_WEAK = YES;
				CLANG_WARN_BLOCK_CAPTURE_AUTORELEASING = YES;
				CLANG_WARN_BOOL_CONVERSION = YES;
				CLANG_WARN_COMMA = YES;
				CLANG_WARN_CONSTANT_CONVERSION = YES;
				CLANG_WARN_DEPRECATED_OBJC_IMPLEMENTATIONS = YES;
				CLANG_WARN_DIRECT_OBJC_ISA_USAGE = YES_ERROR;
				CLANG_WARN_DOCUMENTATION_COMMENTS = YES;
				CLANG_WARN_EMPTY_BODY = YES;
				CLANG_WARN_ENUM_CONVERSION = YES;
				CLANG_WARN_INFINITE_RECURSION = YES;
				CLANG_WARN_INT_CONVERSION = YES;
				CLANG_WARN_NON_LITERAL_NULL_CONVERSION = YES;
				CLANG_WARN_OBJC_IMPLICIT_RETAIN_SELF = YES;
				CLANG_WARN_OBJC_LITERAL_CONVERSION = YES;
				CLANG_WARN_OBJC_ROOT_CLASS = YES_ERROR;
				CLANG_WARN_RANGE_LOOP_ANALYSIS = YES;
				CLANG_WARN_STRICT_PROTOTYPES = YES;
				CLANG_WARN_SUSPICIOUS_MOVE = YES;
				CLANG_WARN_UNGUARDED_AVAILABILITY = YES_AGGRESSIVE;
				CLANG_WARN_UNREACHABLE_CODE = YES;
				CLANG_WARN__DUPLICATE_METHOD_MATCH = YES;
				CODE_SIGN_IDENTITY = "iPhone Developer";
				COPY_PHASE_STRIP = NO;
				DEBUG_INFORMATION_FORMAT = "dwarf-with-dsym";
				ENABLE_NS_ASSERTIONS = NO;
				ENABLE_STRICT_OBJC_MSGSEND = YES;
				GCC_C_LANGUAGE_STANDARD = gnu11;
				GCC_NO_COMMON_BLOCKS = YES;
				GCC_WARN_64_TO_32_BIT_CONVERSION = YES;
				GCC_WARN_ABOUT_RETURN_TYPE = YES_ERROR;
				GCC_WARN_UNDECLARED_SELECTOR = YES;
				GCC_WARN_UNINITIALIZED_AUTOS = YES_AGGRESSIVE;
				GCC_WARN_UNUSED_FUNCTION = YES;
				GCC_WARN_UNUSED_VARIABLE = YES;
				IPHONEOS_DEPLOYMENT_TARGET = 12.1;
				MTL_ENABLE_DEBUG_INFO = NO;
				MTL_FAST_MATH = YES;
				SDKROOT = iphoneos;
				SWIFT_COMPILATION_MODE = wholemodule;
				SWIFT_OPTIMIZATION_LEVEL = "-O";
				VALIDATE_PRODUCT = YES;
			};
			name = Release;
		};
		3208CF4522C12271003EAE6C /* Debug */ = {
			isa = XCBuildConfiguration;
			buildSettings = {
				ASSETCATALOG_COMPILER_APPICON_NAME = AppIcon;
				CODE_SIGN_STYLE = Automatic;
				INFOPLIST_FILE = TreeSwift/Info.plist;
				LD_RUNPATH_SEARCH_PATHS = (
					"$(inherited)",
					"@executable_path/Frameworks",
				);
				PRODUCT_BUNDLE_IDENTIFIER = in.til.popkarn.TreeSwift;
				PRODUCT_NAME = "$(TARGET_NAME)";
				SWIFT_VERSION = 4.2;
				TARGETED_DEVICE_FAMILY = "1,2";
			};
			name = Debug;
		};
		3208CF4622C12271003EAE6C /* Release */ = {
			isa = XCBuildConfiguration;
			buildSettings = {
				ASSETCATALOG_COMPILER_APPICON_NAME = AppIcon;
				CODE_SIGN_STYLE = Automatic;
				INFOPLIST_FILE = TreeSwift/Info.plist;
				LD_RUNPATH_SEARCH_PATHS = (
					"$(inherited)",
					"@executable_path/Frameworks",
				);
				PRODUCT_BUNDLE_IDENTIFIER = in.til.popkarn.TreeSwift;
				PRODUCT_NAME = "$(TARGET_NAME)";
				SWIFT_VERSION = 4.2;
				TARGETED_DEVICE_FAMILY = "1,2";
			};
			name = Release;
		};
		3208CF4822C12271003EAE6C /* Debug */ = {
			isa = XCBuildConfiguration;
			buildSettings = {
				ALWAYS_EMBED_SWIFT_STANDARD_LIBRARIES = YES;
				BUNDLE_LOADER = "$(TEST_HOST)";
				CODE_SIGN_STYLE = Automatic;
				INFOPLIST_FILE = TreeSwiftTests/Info.plist;
				LD_RUNPATH_SEARCH_PATHS = (
					"$(inherited)",
					"@executable_path/Frameworks",
					"@loader_path/Frameworks",
				);
				PRODUCT_BUNDLE_IDENTIFIER = in.til.popkarn.TreeSwiftTests;
				PRODUCT_NAME = "$(TARGET_NAME)";
				SWIFT_VERSION = 4.2;
				TARGETED_DEVICE_FAMILY = "1,2";
				TEST_HOST = "$(BUILT_PRODUCTS_DIR)/TreeSwift.app/TreeSwift";
			};
			name = Debug;
		};
		3208CF4922C12271003EAE6C /* Release */ = {
			isa = XCBuildConfiguration;
			buildSettings = {
				ALWAYS_EMBED_SWIFT_STANDARD_LIBRARIES = YES;
				BUNDLE_LOADER = "$(TEST_HOST)";
				CODE_SIGN_STYLE = Automatic;
				INFOPLIST_FILE = TreeSwiftTests/Info.plist;
				LD_RUNPATH_SEARCH_PATHS = (
					"$(inherited)",
					"@executable_path/Frameworks",
					"@loader_path/Frameworks",
				);
				PRODUCT_BUNDLE_IDENTIFIER = in.til.popkarn.TreeSwiftTests;
				PRODUCT_NAME = "$(TARGET_NAME)";
				SWIFT_VERSION = 4.2;
				TARGETED_DEVICE_FAMILY = "1,2";
				TEST_HOST = "$(BUILT_PRODUCTS_DIR)/TreeSwift.app/TreeSwift";
			};
			name = Release;
		};
		3208CF4B22C12271003EAE6C /* Debug */ = {
			isa = XCBuildConfiguration;
			buildSettings = {
				ALWAYS_EMBED_SWIFT_STANDARD_LIBRARIES = YES;
				CODE_SIGN_STYLE = Automatic;
				INFOPLIST_FILE = TreeSwiftUITests/Info.plist;
				LD_RUNPATH_SEARCH_PATHS = (
					"$(inherited)",
					"@executable_path/Frameworks",
					"@loader_path/Frameworks",
				);
				PRODUCT_BUNDLE_IDENTIFIER = in.til.popkarn.TreeSwiftUITests;
				PRODUCT_NAME = "$(TARGET_NAME)";
				SWIFT_VERSION = 4.2;
				TARGETED_DEVICE_FAMILY = "1,2";
				TEST_TARGET_NAME = TreeSwift;
			};
			name = Debug;
		};
		3208CF4C22C12271003EAE6C /* Release */ = {
			isa = XCBuildConfiguration;
			buildSettings = {
				ALWAYS_EMBED_SWIFT_STANDARD_LIBRARIES = YES;
				CODE_SIGN_STYLE = Automatic;
				INFOPLIST_FILE = TreeSwiftUITests/Info.plist;
				LD_RUNPATH_SEARCH_PATHS = (
					"$(inherited)",
					"@executable_path/Frameworks",
					"@loader_path/Frameworks",
				);
				PRODUCT_BUNDLE_IDENTIFIER = in.til.popkarn.TreeSwiftUITests;
				PRODUCT_NAME = "$(TARGET_NAME)";
				SWIFT_VERSION = 4.2;
				TARGETED_DEVICE_FAMILY = "1,2";
				TEST_TARGET_NAME = TreeSwift;
			};
			name = Release;
		};
/* End XCBuildConfiguration section */

/* Begin XCConfigurationList section */
		3208CF1722C12270003EAE6C /* Build configuration list for PBXProject "TreeSwift" */ = {
			isa = XCConfigurationList;
			buildConfigurations = (
				3208CF4222C12271003EAE6C /* Debug */,
				3208CF4322C12271003EAE6C /* Release */,
			);
			defaultConfigurationIsVisible = 0;
			defaultConfigurationName = Release;
		};
		3208CF4422C12271003EAE6C /* Build configuration list for PBXNativeTarget "TreeSwift" */ = {
			isa = XCConfigurationList;
			buildConfigurations = (
				3208CF4522C12271003EAE6C /* Debug */,
				3208CF4622C12271003EAE6C /* Release */,
			);
			defaultConfigurationIsVisible = 0;
			defaultConfigurationName = Release;
		};
		3208CF4722C12271003EAE6C /* Build configuration list for PBXNativeTarget "TreeSwiftTests" */ = {
			isa = XCConfigurationList;
			buildConfigurations = (
				3208CF4822C12271003EAE6C /* Debug */,
				3208CF4922C12271003EAE6C /* Release */,
			);
			defaultConfigurationIsVisible = 0;
			defaultConfigurationName = Release;
		};
		3208CF4A22C12271003EAE6C /* Build configuration list for PBXNativeTarget "TreeSwiftUITests" */ = {
			isa = XCConfigurationList;
			buildConfigurations = (
				3208CF4B22C12271003EAE6C /* Debug */,
				3208CF4C22C12271003EAE6C /* Release */,
			);
			defaultConfigurationIsVisible = 0;
			defaultConfigurationName = Release;
		};
/* End XCConfigurationList section */
	};
	rootObject = 3208CF1422C12270003EAE6C /* Project object */;
}
